{
  "version": 4,
  "terraform_version": "1.9.3",
  "serial": 11,
  "lineage": "66ab763a-2d70-f5d4-7ee2-00aa28a3e868",
  "outputs": {
    "alb_security_group_id": {
      "value": "sg-0a43065ed73a7df4c",
      "type": "string"
    },
    "ecs_cluster_arn": {
      "value": "arn:aws:ecs:us-west-1:010526284247:cluster/web-ecs-cluster-webapp-4-prod",
      "type": "string"
    },
    "ecs_security_group_id": {
      "value": "sg-0f9c1ccd1de2b2340",
      "type": "string"
    },
    "rds_alb_url": {
      "value": "http://webapp-alb-webapp-4-prod-480550519.us-west-1.elb.amazonaws.com/test_connection/",
      "type": "string"
    }
  },
  "resources": [
    {
      "mode": "data",
      "type": "aws_ecs_cluster",
      "name": "private_cluster_name",
      "provider": "provider[\"registry.terraform.io/hashicorp/aws\"]",
      "instances": [
        {
          "schema_version": 0,
          "attributes": {
            "arn": "arn:aws:ecs:us-west-1:010526284247:cluster/web-ecs-cluster-webapp-4-prod",
            "cluster_name": "web-ecs-cluster-webapp-4-prod",
            "id": "arn:aws:ecs:us-west-1:010526284247:cluster/web-ecs-cluster-webapp-4-prod",
            "pending_tasks_count": 0,
            "registered_container_instances_count": 0,
            "running_tasks_count": 0,
            "service_connect_defaults": [],
            "setting": [
              {
                "name": "containerInsights",
                "value": "enabled"
              }
            ],
            "status": "ACTIVE",
            "tags": {
              "name": "webapp-4",
              "stage": "prod"
            }
          },
          "sensitive_attributes": []
        }
      ]
    },
    {
      "mode": "data",
      "type": "aws_s3_bucket",
      "name": "cloudfront_bucket",
      "provider": "provider[\"registry.terraform.io/hashicorp/aws\"]",
      "instances": [
        {
          "schema_version": 0,
          "attributes": {
            "arn": "arn:aws:s3:::experior-webapp-4-prod-static-site-bucket",
            "bucket": "experior-webapp-4-prod-static-site-bucket",
            "bucket_domain_name": "experior-webapp-4-prod-static-site-bucket.s3.amazonaws.com",
            "bucket_regional_domain_name": "experior-webapp-4-prod-static-site-bucket.s3.us-west-1.amazonaws.com",
            "hosted_zone_id": "Z2F56UZL2M1ACD",
            "id": "experior-webapp-4-prod-static-site-bucket",
            "region": "us-west-1",
            "website_domain": "s3-website-us-west-1.amazonaws.com",
            "website_endpoint": "experior-webapp-4-prod-static-site-bucket.s3-website-us-west-1.amazonaws.com"
          },
          "sensitive_attributes": []
        }
      ]
    },
    {
      "mode": "data",
      "type": "aws_security_group",
      "name": "alb_sg",
      "provider": "provider[\"registry.terraform.io/hashicorp/aws\"]",
      "instances": [
        {
          "schema_version": 0,
          "attributes": {
            "arn": "arn:aws:ec2:us-west-1:010526284247:security-group/sg-0a43065ed73a7df4c",
            "description": "Allow inbound traffic from any where on Port 80",
            "filter": [
              {
                "name": "tag:name",
                "values": [
                  "webapp-4"
                ]
              },
              {
                "name": "tag:stage",
                "values": [
                  "prod"
                ]
              },
              {
                "name": "tag:used_by",
                "values": [
                  "public_alb"
                ]
              }
            ],
            "id": "sg-0a43065ed73a7df4c",
            "name": "internet-facing-alb-webapp-4-prod",
            "tags": {
              "name": "webapp-4",
              "stage": "prod",
              "used_by": "public_alb"
            },
            "timeouts": null,
            "vpc_id": "vpc-01eba9fec92ad9863"
          },
          "sensitive_attributes": []
        }
      ]
    },
    {
      "mode": "data",
      "type": "aws_security_group",
      "name": "ecs_sg",
      "provider": "provider[\"registry.terraform.io/hashicorp/aws\"]",
      "instances": [
        {
          "schema_version": 0,
          "attributes": {
            "arn": "arn:aws:ec2:us-west-1:010526284247:security-group/sg-0f9c1ccd1de2b2340",
            "description": "Inboud traffic from Internet_Facing_ALB",
            "filter": [
              {
                "name": "tag:name",
                "values": [
                  "webapp-4"
                ]
              },
              {
                "name": "tag:stage",
                "values": [
                  "prod"
                ]
              },
              {
                "name": "tag:used_by",
                "values": [
                  "private_ecs"
                ]
              }
            ],
            "id": "sg-0f9c1ccd1de2b2340",
            "name": "ecs-container-from-alb-webapp-4-prod",
            "tags": {
              "name": "webapp-4",
              "stage": "prod",
              "used_by": "private_ecs"
            },
            "timeouts": null,
            "vpc_id": "vpc-01eba9fec92ad9863"
          },
          "sensitive_attributes": []
        }
      ]
    },
    {
      "mode": "managed",
      "type": "aws_appautoscaling_policy",
      "name": "cpu_scaling_policy",
      "provider": "provider[\"registry.terraform.io/hashicorp/aws\"]",
      "instances": [
        {
          "schema_version": 0,
          "attributes": {
            "alarm_arns": [
              "arn:aws:cloudwatch:us-west-1:010526284247:alarm:TargetTracking-service/web-ecs-cluster-webapp-4-prod/webapp-4-prod-service-AlarmHigh-7b6ef493-4289-4f25-8630-9ea6ef2a26c8",
              "arn:aws:cloudwatch:us-west-1:010526284247:alarm:TargetTracking-service/web-ecs-cluster-webapp-4-prod/webapp-4-prod-service-AlarmLow-eb5e271b-db76-4f5d-aac6-a668207367de"
            ],
            "arn": "arn:aws:autoscaling:us-west-1:010526284247:scalingPolicy:aa16dd9e-c9eb-4dce-980d-e00cc61d29a0:resource/ecs/service/web-ecs-cluster-webapp-4-prod/webapp-4-prod-service:policyName/webapp-4-prod-cpu-scaling",
            "id": "webapp-4-prod-cpu-scaling",
            "name": "webapp-4-prod-cpu-scaling",
            "policy_type": "TargetTrackingScaling",
            "resource_id": "service/web-ecs-cluster-webapp-4-prod/webapp-4-prod-service",
            "scalable_dimension": "ecs:service:DesiredCount",
            "service_namespace": "ecs",
            "step_scaling_policy_configuration": [],
            "target_tracking_scaling_policy_configuration": [
              {
                "customized_metric_specification": [],
                "disable_scale_in": false,
                "predefined_metric_specification": [
                  {
                    "predefined_metric_type": "ECSServiceAverageCPUUtilization",
                    "resource_label": ""
                  }
                ],
                "scale_in_cooldown": 0,
                "scale_out_cooldown": 0,
                "target_value": 70
              }
            ]
          },
          "sensitive_attributes": [],
          "private": "bnVsbA==",
          "dependencies": [
            "aws_appautoscaling_target.ecs",
            "aws_db_instance.postgres_free_tier",
            "aws_db_subnet_group.rds_private_subnet_group",
            "aws_ecs_service.ecs_service",
            "aws_ecs_task_definition.ecs_task",
            "aws_lb.alb",
            "aws_lb_listener.backend_rds_listener",
            "aws_lb_target_group.tg",
            "aws_security_group.rds_sg",
            "data.aws_ecs_cluster.private_cluster_name",
            "data.aws_s3_bucket.cloudfront_bucket",
            "data.aws_security_group.alb_sg",
            "data.aws_security_group.ecs_sg"
          ]
        }
      ]
    },
    {
      "mode": "managed",
      "type": "aws_appautoscaling_target",
      "name": "ecs",
      "provider": "provider[\"registry.terraform.io/hashicorp/aws\"]",
      "instances": [
        {
          "schema_version": 0,
          "attributes": {
            "arn": "arn:aws:application-autoscaling:us-west-1:010526284247:scalable-target/0ec5aa16dd9ec9eb4dce980de00cc61d29a0",
            "id": "service/web-ecs-cluster-webapp-4-prod/webapp-4-prod-service",
            "max_capacity": 3,
            "min_capacity": 1,
            "resource_id": "service/web-ecs-cluster-webapp-4-prod/webapp-4-prod-service",
            "role_arn": "arn:aws:iam::010526284247:role/aws-service-role/ecs.application-autoscaling.amazonaws.com/AWSServiceRoleForApplicationAutoScaling_ECSService",
            "scalable_dimension": "ecs:service:DesiredCount",
            "service_namespace": "ecs",
            "suspended_state": [
              {
                "dynamic_scaling_in_suspended": false,
                "dynamic_scaling_out_suspended": false,
                "scheduled_scaling_suspended": false
              }
            ],
            "tags": null,
            "tags_all": {
              "Name": "webapp-4",
              "stage": "prod"
            }
          },
          "sensitive_attributes": [],
          "private": "bnVsbA==",
          "dependencies": [
            "aws_db_instance.postgres_free_tier",
            "aws_db_subnet_group.rds_private_subnet_group",
            "aws_ecs_service.ecs_service",
            "aws_ecs_task_definition.ecs_task",
            "aws_lb.alb",
            "aws_lb_listener.backend_rds_listener",
            "aws_lb_target_group.tg",
            "aws_security_group.rds_sg",
            "data.aws_ecs_cluster.private_cluster_name",
            "data.aws_s3_bucket.cloudfront_bucket",
            "data.aws_security_group.alb_sg",
            "data.aws_security_group.ecs_sg"
          ]
        }
      ]
    },
    {
      "mode": "managed",
      "type": "aws_db_instance",
      "name": "postgres_free_tier",
      "provider": "provider[\"registry.terraform.io/hashicorp/aws\"]",
      "instances": [
        {
          "schema_version": 2,
          "attributes": {
            "address": "postgres-webapp-4-prod.c9ieuse4618g.us-west-1.rds.amazonaws.com",
            "allocated_storage": 20,
            "allow_major_version_upgrade": null,
            "apply_immediately": false,
            "arn": "arn:aws:rds:us-west-1:010526284247:db:postgres-webapp-4-prod",
            "auto_minor_version_upgrade": true,
            "availability_zone": "us-west-1a",
            "backup_retention_period": 0,
            "backup_target": "region",
            "backup_window": "08:37-09:07",
            "blue_green_update": [],
            "ca_cert_identifier": "rds-ca-rsa2048-g1",
            "character_set_name": "",
            "copy_tags_to_snapshot": false,
            "custom_iam_instance_profile": "",
            "customer_owned_ip_enabled": false,
            "db_name": "mydb",
            "db_subnet_group_name": "rds-private-subnet-group-webapp-4-prod",
            "dedicated_log_volume": false,
            "delete_automated_backups": true,
            "deletion_protection": false,
            "domain": "",
            "domain_auth_secret_arn": "",
            "domain_dns_ips": null,
            "domain_fqdn": "",
            "domain_iam_role_name": "",
            "domain_ou": "",
            "enabled_cloudwatch_logs_exports": null,
            "endpoint": "postgres-webapp-4-prod.c9ieuse4618g.us-west-1.rds.amazonaws.com:5432",
            "engine": "postgres",
            "engine_lifecycle_support": "open-source-rds-extended-support",
            "engine_version": "16.3",
            "engine_version_actual": "16.3",
            "final_snapshot_identifier": null,
            "hosted_zone_id": "Z10WI91S59XXQN",
            "iam_database_authentication_enabled": false,
            "id": "db-U6IRHYOZNUH6K7WTUUSZDXPUIY",
            "identifier": "postgres-webapp-4-prod",
            "identifier_prefix": "",
            "instance_class": "db.t4g.micro",
            "iops": 0,
            "kms_key_id": "",
            "latest_restorable_time": "",
            "license_model": "postgresql-license",
            "listener_endpoint": [],
            "maintenance_window": "tue:12:27-tue:12:57",
            "manage_master_user_password": null,
            "master_user_secret": [],
            "master_user_secret_kms_key_id": null,
            "max_allocated_storage": 0,
            "monitoring_interval": 0,
            "monitoring_role_arn": "",
            "multi_az": false,
            "nchar_character_set_name": "",
            "network_type": "IPV4",
            "option_group_name": "default:postgres-16",
            "parameter_group_name": "default.postgres16",
            "password": "Markham-2024",
            "performance_insights_enabled": false,
            "performance_insights_kms_key_id": "",
            "performance_insights_retention_period": 0,
            "port": 5432,
            "publicly_accessible": false,
            "replica_mode": "",
            "replicas": [],
            "replicate_source_db": "",
            "resource_id": "db-U6IRHYOZNUH6K7WTUUSZDXPUIY",
            "restore_to_point_in_time": [],
            "s3_import": [],
            "skip_final_snapshot": true,
            "snapshot_identifier": null,
            "status": "available",
            "storage_encrypted": false,
            "storage_throughput": 0,
            "storage_type": "gp2",
            "tags": null,
            "tags_all": {
              "Name": "webapp-4",
              "stage": "prod"
            },
            "timeouts": null,
            "timezone": "",
            "upgrade_storage_config": null,
            "username": "db_admin_user",
            "vpc_security_group_ids": [
              "sg-0473b9f39e925e760"
            ]
          },
          "sensitive_attributes": [
            [
              {
                "type": "get_attr",
                "value": "password"
              }
            ]
          ],
          "private": "eyJlMmJmYjczMC1lY2FhLTExZTYtOGY4OC0zNDM2M2JjN2M0YzAiOnsiY3JlYXRlIjoyNDAwMDAwMDAwMDAwLCJkZWxldGUiOjM2MDAwMDAwMDAwMDAsInVwZGF0ZSI6NDgwMDAwMDAwMDAwMH0sInNjaGVtYV92ZXJzaW9uIjoiMiJ9",
          "dependencies": [
            "aws_db_subnet_group.rds_private_subnet_group",
            "aws_security_group.rds_sg",
            "data.aws_security_group.ecs_sg"
          ]
        }
      ]
    },
    {
      "mode": "managed",
      "type": "aws_db_subnet_group",
      "name": "rds_private_subnet_group",
      "provider": "provider[\"registry.terraform.io/hashicorp/aws\"]",
      "instances": [
        {
          "schema_version": 0,
          "attributes": {
            "arn": "arn:aws:rds:us-west-1:010526284247:subgrp:rds-private-subnet-group-webapp-4-prod",
            "description": "Managed by Terraform",
            "id": "rds-private-subnet-group-webapp-4-prod",
            "name": "rds-private-subnet-group-webapp-4-prod",
            "name_prefix": "",
            "subnet_ids": [
              "subnet-0406c63c8cecd09fc",
              "subnet-05dae9f756ad8570f"
            ],
            "supported_network_types": [
              "IPV4"
            ],
            "tags": null,
            "tags_all": {
              "Name": "webapp-4",
              "stage": "prod"
            },
            "vpc_id": "vpc-01eba9fec92ad9863"
          },
          "sensitive_attributes": [],
          "private": "bnVsbA=="
        }
      ]
    },
    {
      "mode": "managed",
      "type": "aws_ecs_service",
      "name": "ecs_service",
      "provider": "provider[\"registry.terraform.io/hashicorp/aws\"]",
      "instances": [
        {
          "schema_version": 1,
          "attributes": {
            "alarms": [],
            "capacity_provider_strategy": [],
            "cluster": "arn:aws:ecs:us-west-1:010526284247:cluster/web-ecs-cluster-webapp-4-prod",
            "deployment_circuit_breaker": [
              {
                "enable": false,
                "rollback": false
              }
            ],
            "deployment_controller": [
              {
                "type": "ECS"
              }
            ],
            "deployment_maximum_percent": 200,
            "deployment_minimum_healthy_percent": 100,
            "desired_count": 1,
            "enable_ecs_managed_tags": false,
            "enable_execute_command": false,
            "force_delete": null,
            "force_new_deployment": null,
            "health_check_grace_period_seconds": 0,
            "iam_role": "/aws-service-role/ecs.amazonaws.com/AWSServiceRoleForECS",
            "id": "arn:aws:ecs:us-west-1:010526284247:service/web-ecs-cluster-webapp-4-prod/webapp-4-prod-service",
            "launch_type": "FARGATE",
            "load_balancer": [
              {
                "container_name": "webapp-4-prod-ecs-task",
                "container_port": 8000,
                "elb_name": "",
                "target_group_arn": "arn:aws:elasticloadbalancing:us-west-1:010526284247:targetgroup/ecs-tg-webapp-4-prod/f1740d640501497e"
              }
            ],
            "name": "webapp-4-prod-service",
            "network_configuration": [
              {
                "assign_public_ip": false,
                "security_groups": [
                  "sg-0f9c1ccd1de2b2340"
                ],
                "subnets": [
                  "subnet-0406c63c8cecd09fc",
                  "subnet-05dae9f756ad8570f"
                ]
              }
            ],
            "ordered_placement_strategy": [],
            "placement_constraints": [],
            "platform_version": "LATEST",
            "propagate_tags": "NONE",
            "scheduling_strategy": "REPLICA",
            "service_connect_configuration": [],
            "service_registries": [],
            "tags": null,
            "tags_all": {
              "Name": "webapp-4",
              "stage": "prod"
            },
            "task_definition": "arn:aws:ecs:us-west-1:010526284247:task-definition/webapp-4-prod-ecs-task:1",
            "timeouts": null,
            "triggers": {},
            "volume_configuration": [],
            "wait_for_steady_state": false
          },
          "sensitive_attributes": [],
          "private": "eyJlMmJmYjczMC1lY2FhLTExZTYtOGY4OC0zNDM2M2JjN2M0YzAiOnsiY3JlYXRlIjoxMjAwMDAwMDAwMDAwLCJkZWxldGUiOjEyMDAwMDAwMDAwMDAsInVwZGF0ZSI6MTIwMDAwMDAwMDAwMH0sInNjaGVtYV92ZXJzaW9uIjoiMSJ9",
          "dependencies": [
            "aws_db_instance.postgres_free_tier",
            "aws_db_subnet_group.rds_private_subnet_group",
            "aws_ecs_task_definition.ecs_task",
            "aws_lb.alb",
            "aws_lb_listener.backend_rds_listener",
            "aws_lb_target_group.tg",
            "aws_security_group.rds_sg",
            "data.aws_ecs_cluster.private_cluster_name",
            "data.aws_s3_bucket.cloudfront_bucket",
            "data.aws_security_group.alb_sg",
            "data.aws_security_group.ecs_sg"
          ]
        }
      ]
    },
    {
      "mode": "managed",
      "type": "aws_ecs_task_definition",
      "name": "ecs_task",
      "provider": "provider[\"registry.terraform.io/hashicorp/aws\"]",
      "instances": [
        {
          "schema_version": 1,
          "attributes": {
            "arn": "arn:aws:ecs:us-west-1:010526284247:task-definition/webapp-4-prod-ecs-task:1",
            "arn_without_revision": "arn:aws:ecs:us-west-1:010526284247:task-definition/webapp-4-prod-ecs-task",
            "container_definitions": "[{\"cpu\":256,\"environment\":[{\"name\":\"CORS_ALLOWED_ORIGINS\",\"value\":\"http://experior-webapp-4-prod-static-site-bucket.s3-website-us-west-1.amazonaws.com,http://d2i7byttb0mklq.cloudfront.net\"},{\"name\":\"DB_HOST\",\"value\":\"postgres-webapp-4-prod.c9ieuse4618g.us-west-1.rds.amazonaws.com\"},{\"name\":\"DB_NAME\",\"value\":\"mydb\"},{\"name\":\"DB_PORT\",\"value\":\"5432\"},{\"name\":\"DB_USER\",\"value\":\"db_admin_user\"}],\"essential\":true,\"image\":\"010526284247.dkr.ecr.us-west-1.amazonaws.com/backend_rds\",\"logConfiguration\":{\"logDriver\":\"awslogs\",\"options\":{\"awslogs-group\":\"/ecs/webapp-4-prod-ecs-task\",\"mode\":\"non-blocking\",\"awslogs-create-group\":\"true\",\"max-buffer-size\":\"25m\",\"awslogs-region\":\"us-west-1\",\"awslogs-stream-prefix\":\"ecs\"}},\"memory\":512,\"mountPoints\":[],\"name\":\"webapp-4-prod-ecs-task\",\"portMappings\":[{\"containerPort\":8000,\"hostPort\":8000,\"protocol\":\"tcp\"}],\"systemControls\":[],\"volumesFrom\":[]}]",
            "cpu": "256",
            "ephemeral_storage": [],
            "execution_role_arn": "arn:aws:iam::010526284247:role/webapp-4-prod-ecs_task_execution_role",
            "family": "webapp-4-prod-ecs-task",
            "id": "webapp-4-prod-ecs-task",
            "inference_accelerator": [],
            "ipc_mode": "",
            "memory": "512",
            "network_mode": "awsvpc",
            "pid_mode": "",
            "placement_constraints": [],
            "proxy_configuration": [],
            "requires_compatibilities": [
              "FARGATE"
            ],
            "revision": 1,
            "runtime_platform": [
              {
                "cpu_architecture": "ARM64",
                "operating_system_family": "LINUX"
              }
            ],
            "skip_destroy": false,
            "tags": null,
            "tags_all": {
              "Name": "webapp-4",
              "stage": "prod"
            },
            "task_role_arn": "",
            "track_latest": false,
            "volume": []
          },
          "sensitive_attributes": [],
          "private": "eyJzY2hlbWFfdmVyc2lvbiI6IjEifQ==",
          "dependencies": [
            "aws_db_instance.postgres_free_tier",
            "aws_db_subnet_group.rds_private_subnet_group",
            "aws_security_group.rds_sg",
            "data.aws_s3_bucket.cloudfront_bucket",
            "data.aws_security_group.ecs_sg"
          ]
        }
      ]
    },
    {
      "mode": "managed",
      "type": "aws_lb",
      "name": "alb",
      "provider": "provider[\"registry.terraform.io/hashicorp/aws\"]",
      "instances": [
        {
          "schema_version": 0,
          "attributes": {
            "access_logs": [
              {
                "bucket": "",
                "enabled": false,
                "prefix": ""
              }
            ],
            "arn": "arn:aws:elasticloadbalancing:us-west-1:010526284247:loadbalancer/app/webapp-alb-webapp-4-prod/afd86b5f6bebf4a3",
            "arn_suffix": "app/webapp-alb-webapp-4-prod/afd86b5f6bebf4a3",
            "client_keep_alive": 3600,
            "connection_logs": [
              {
                "bucket": "",
                "enabled": false,
                "prefix": ""
              }
            ],
            "customer_owned_ipv4_pool": "",
            "desync_mitigation_mode": "defensive",
            "dns_name": "webapp-alb-webapp-4-prod-480550519.us-west-1.elb.amazonaws.com",
            "dns_record_client_routing_policy": null,
            "drop_invalid_header_fields": false,
            "enable_cross_zone_load_balancing": true,
            "enable_deletion_protection": false,
            "enable_http2": true,
            "enable_tls_version_and_cipher_suite_headers": false,
            "enable_waf_fail_open": false,
            "enable_xff_client_port": false,
            "enforce_security_group_inbound_rules_on_private_link_traffic": "",
            "id": "arn:aws:elasticloadbalancing:us-west-1:010526284247:loadbalancer/app/webapp-alb-webapp-4-prod/afd86b5f6bebf4a3",
            "idle_timeout": 60,
            "internal": false,
            "ip_address_type": "ipv4",
            "load_balancer_type": "application",
            "name": "webapp-alb-webapp-4-prod",
            "name_prefix": "",
            "preserve_host_header": false,
            "security_groups": [
              "sg-0a43065ed73a7df4c"
            ],
            "subnet_mapping": [
              {
                "allocation_id": "",
                "ipv6_address": "",
                "outpost_id": "",
                "private_ipv4_address": "",
                "subnet_id": "subnet-013778321d0959dca"
              },
              {
                "allocation_id": "",
                "ipv6_address": "",
                "outpost_id": "",
                "private_ipv4_address": "",
                "subnet_id": "subnet-09717d760978ee9a8"
              }
            ],
            "subnets": [
              "subnet-013778321d0959dca",
              "subnet-09717d760978ee9a8"
            ],
            "tags": null,
            "tags_all": {
              "Name": "webapp-4",
              "stage": "prod"
            },
            "timeouts": null,
            "vpc_id": "vpc-01eba9fec92ad9863",
            "xff_header_processing_mode": "append",
            "zone_id": "Z368ELLRRE2KJ0"
          },
          "sensitive_attributes": [],
          "private": "eyJlMmJmYjczMC1lY2FhLTExZTYtOGY4OC0zNDM2M2JjN2M0YzAiOnsiY3JlYXRlIjo2MDAwMDAwMDAwMDAsImRlbGV0ZSI6NjAwMDAwMDAwMDAwLCJ1cGRhdGUiOjYwMDAwMDAwMDAwMH19",
          "dependencies": [
            "data.aws_security_group.alb_sg"
          ]
        }
      ]
    },
    {
      "mode": "managed",
      "type": "aws_lb_listener",
      "name": "backend_rds_listener",
      "provider": "provider[\"registry.terraform.io/hashicorp/aws\"]",
      "instances": [
        {
          "schema_version": 0,
          "attributes": {
            "alpn_policy": null,
            "arn": "arn:aws:elasticloadbalancing:us-west-1:010526284247:listener/app/webapp-alb-webapp-4-prod/afd86b5f6bebf4a3/eaabf83b87395e44",
            "certificate_arn": null,
            "default_action": [
              {
                "authenticate_cognito": [],
                "authenticate_oidc": [],
                "fixed_response": [],
                "forward": [],
                "order": 1,
                "redirect": [],
                "target_group_arn": "arn:aws:elasticloadbalancing:us-west-1:010526284247:targetgroup/ecs-tg-webapp-4-prod/f1740d640501497e",
                "type": "forward"
              }
            ],
            "id": "arn:aws:elasticloadbalancing:us-west-1:010526284247:listener/app/webapp-alb-webapp-4-prod/afd86b5f6bebf4a3/eaabf83b87395e44",
            "load_balancer_arn": "arn:aws:elasticloadbalancing:us-west-1:010526284247:loadbalancer/app/webapp-alb-webapp-4-prod/afd86b5f6bebf4a3",
            "mutual_authentication": [],
            "port": 80,
            "protocol": "HTTP",
            "ssl_policy": "",
            "tags": null,
            "tags_all": {
              "Name": "webapp-4",
              "stage": "prod"
            },
            "timeouts": null
          },
          "sensitive_attributes": [],
          "private": "eyJlMmJmYjczMC1lY2FhLTExZTYtOGY4OC0zNDM2M2JjN2M0YzAiOnsiY3JlYXRlIjozMDAwMDAwMDAwMDAsInVwZGF0ZSI6MzAwMDAwMDAwMDAwfX0=",
          "dependencies": [
            "aws_lb.alb",
            "aws_lb_target_group.tg",
            "data.aws_security_group.alb_sg"
          ]
        }
      ]
    },
    {
      "mode": "managed",
      "type": "aws_lb_target_group",
      "name": "tg",
      "provider": "provider[\"registry.terraform.io/hashicorp/aws\"]",
      "instances": [
        {
          "schema_version": 0,
          "attributes": {
            "arn": "arn:aws:elasticloadbalancing:us-west-1:010526284247:targetgroup/ecs-tg-webapp-4-prod/f1740d640501497e",
            "arn_suffix": "targetgroup/ecs-tg-webapp-4-prod/f1740d640501497e",
            "connection_termination": null,
            "deregistration_delay": "300",
            "health_check": [
              {
                "enabled": true,
                "healthy_threshold": 5,
                "interval": 30,
                "matcher": "200",
                "path": "/test_connection/",
                "port": "traffic-port",
                "protocol": "HTTP",
                "timeout": 5,
                "unhealthy_threshold": 2
              }
            ],
            "id": "arn:aws:elasticloadbalancing:us-west-1:010526284247:targetgroup/ecs-tg-webapp-4-prod/f1740d640501497e",
            "ip_address_type": "ipv4",
            "lambda_multi_value_headers_enabled": false,
            "load_balancer_arns": [],
            "load_balancing_algorithm_type": "round_robin",
            "load_balancing_anomaly_mitigation": "off",
            "load_balancing_cross_zone_enabled": "use_load_balancer_configuration",
            "name": "ecs-tg-webapp-4-prod",
            "name_prefix": "",
            "port": 8000,
            "preserve_client_ip": null,
            "protocol": "HTTP",
            "protocol_version": "HTTP1",
            "proxy_protocol_v2": false,
            "slow_start": 0,
            "stickiness": [
              {
                "cookie_duration": 86400,
                "cookie_name": "",
                "enabled": false,
                "type": "lb_cookie"
              }
            ],
            "tags": null,
            "tags_all": {
              "Name": "webapp-4",
              "stage": "prod"
            },
            "target_failover": [
              {
                "on_deregistration": null,
                "on_unhealthy": null
              }
            ],
            "target_group_health": [
              {
                "dns_failover": [
                  {
                    "minimum_healthy_targets_count": "1",
                    "minimum_healthy_targets_percentage": "off"
                  }
                ],
                "unhealthy_state_routing": [
                  {
                    "minimum_healthy_targets_count": 1,
                    "minimum_healthy_targets_percentage": "off"
                  }
                ]
              }
            ],
            "target_health_state": [
              {
                "enable_unhealthy_connection_termination": null,
                "unhealthy_draining_interval": null
              }
            ],
            "target_type": "ip",
            "vpc_id": "vpc-01eba9fec92ad9863"
          },
          "sensitive_attributes": [],
          "private": "bnVsbA=="
        }
      ]
    },
    {
      "mode": "managed",
      "type": "aws_security_group",
      "name": "rds_sg",
      "provider": "provider[\"registry.terraform.io/hashicorp/aws\"]",
      "instances": [
        {
          "schema_version": 1,
          "attributes": {
            "arn": "arn:aws:ec2:us-west-1:010526284247:security-group/sg-0473b9f39e925e760",
            "description": "Allow PostgreSQL access",
            "egress": [
              {
                "cidr_blocks": [
                  "0.0.0.0/0"
                ],
                "description": "Allows all outbound traffic to all IP addresses on all ports",
                "from_port": 0,
                "ipv6_cidr_blocks": [],
                "prefix_list_ids": [],
                "protocol": "-1",
                "security_groups": [],
                "self": false,
                "to_port": 0
              }
            ],
            "id": "sg-0473b9f39e925e760",
            "ingress": [
              {
                "cidr_blocks": [],
                "description": "Allow incoming traffic from ECS tasks on port 5432 for PostgreSQL database access",
                "from_port": 5432,
                "ipv6_cidr_blocks": [],
                "prefix_list_ids": [],
                "protocol": "tcp",
                "security_groups": [
                  "sg-0f9c1ccd1de2b2340"
                ],
                "self": false,
                "to_port": 5432
              }
            ],
            "name": "rds-webapp-4-prod",
            "name_prefix": "",
            "owner_id": "010526284247",
            "revoke_rules_on_delete": false,
            "tags": null,
            "tags_all": {
              "Name": "webapp-4",
              "stage": "prod"
            },
            "timeouts": null,
            "vpc_id": "vpc-01eba9fec92ad9863"
          },
          "sensitive_attributes": [],
          "private": "eyJlMmJmYjczMC1lY2FhLTExZTYtOGY4OC0zNDM2M2JjN2M0YzAiOnsiY3JlYXRlIjo2MDAwMDAwMDAwMDAsImRlbGV0ZSI6OTAwMDAwMDAwMDAwfSwic2NoZW1hX3ZlcnNpb24iOiIxIn0=",
          "dependencies": [
            "data.aws_security_group.ecs_sg"
          ]
        }
      ]
    }
  ],
  "check_results": null
}
